
Microsoft Visual Studio Solution File, Format Version 11.00
# Visual Studio 2010
Project("{8BC9CEB8-8B4A-11D0-8D11-00A0C91BC942}") = "Sort", "Sort\Sort.vcxproj", "{430E2777-973D-4098-9017-51E4C60A7731}"
EndProject
Global
	GlobalSection(SolutionConfigurationPlatforms) = preSolution
		Debug|Win32 = Debug|Win32
		Release|Win32 = Release|Win32
	EndGlobalSection
	GlobalSection(ProjectConfigurationPlatforms) = postSolution
		{430E2777-973D-4098-9017-51E4C60A7731}.Debug|Win32.ActiveCfg = Debug|Win32
		{430E2777-973D-4098-9017-51E4C60A7731}.Debug|Win32.Build.0 = Debug|Win32
		{430E2777-973D-4098-9017-51E4C60A7731}.Release|Win32.ActiveCfg = Release|Win32
		{430E2777-973D-4098-9017-51E4C60A7731}.Release|Win32.Build.0 = Release|Win32
	EndGlobalSection
	GlobalSection(SolutionProperties) = preSolution
		HideSolutionNode = FALSE
	EndGlobalSection
EndGlobal
